
Microsoft Visual Studio Solution File, Format Version 12.00
# Visual Studio 14
VisualStudioVersion = 14.0.25123.0
MinimumVisualStudioVersion = 10.0.40219.1
Project("{FAE04EC0-301F-11D3-BF4B-00C04F79EFBC}") = "vr-client", "vr-client\vr-client.csproj", "{FE5C4185-F553-45AB-8888-701DB488B9F6}"
EndProject
Project("{FAE04EC0-301F-11D3-BF4B-00C04F79EFBC}") = "vr-server", "..\vr-server\vr-server\vr-server.csproj", "{DCA80761-557E-4182-A459-4D37C702F5C0}"
EndProject
Project("{FAE04EC0-301F-11D3-BF4B-00C04F79EFBC}") = "FluentNHibernate", "..\FluentNHibernate\FluentNHibernate.csproj", "{529145D5-6CC3-4016-89B5-826563024AF1}"
EndProject
Global
	GlobalSection(SolutionConfigurationPlatforms) = preSolution
		Debug|Any CPU = Debug|Any CPU
		Release|Any CPU = Release|Any CPU
	EndGlobalSection
	GlobalSection(ProjectConfigurationPlatforms) = postSolution
		{FE5C4185-F553-45AB-8888-701DB488B9F6}.Debug|Any CPU.ActiveCfg = Debug|Any CPU
		{FE5C4185-F553-45AB-8888-701DB488B9F6}.Debug|Any CPU.Build.0 = Debug|Any CPU
		{FE5C4185-F553-45AB-8888-701DB488B9F6}.Release|Any CPU.ActiveCfg = Release|Any CPU
		{FE5C4185-F553-45AB-8888-701DB488B9F6}.Release|Any CPU.Build.0 = Release|Any CPU
		{DCA80761-557E-4182-A459-4D37C702F5C0}.Debug|Any CPU.ActiveCfg = Debug|Any CPU
		{DCA80761-557E-4182-A459-4D37C702F5C0}.Debug|Any CPU.Build.0 = Debug|Any CPU
		{DCA80761-557E-4182-A459-4D37C702F5C0}.Release|Any CPU.ActiveCfg = Release|Any CPU
		{DCA80761-557E-4182-A459-4D37C702F5C0}.Release|Any CPU.Build.0 = Release|Any CPU
		{529145D5-6CC3-4016-89B5-826563024AF1}.Debug|Any CPU.ActiveCfg = Debug|Any CPU
		{529145D5-6CC3-4016-89B5-826563024AF1}.Debug|Any CPU.Build.0 = Debug|Any CPU
		{529145D5-6CC3-4016-89B5-826563024AF1}.Release|Any CPU.ActiveCfg = Release|Any CPU
		{529145D5-6CC3-4016-89B5-826563024AF1}.Release|Any CPU.Build.0 = Release|Any CPU
	EndGlobalSection
	GlobalSection(SolutionProperties) = preSolution
		HideSolutionNode = FALSE
	EndGlobalSection
EndGlobal
